
Microsoft Visual Studio Solution File, Format Version 12.00
# Visual Studio Version 17
VisualStudioVersion = 17.2.32602.215
MinimumVisualStudioVersion = 10.0.40219.1
Project("{FAE04EC0-301F-11D3-BF4B-00C04F79EFBC}") = "Pad.IO", "Pad.IO\Pad.IO.csproj", "{A54C82D0-BCEC-4210-84CF-57E1772E7835}"
EndProject
Global
	GlobalSection(SolutionConfigurationPlatforms) = preSolution
		Debug|Any CPU = Debug|Any CPU
		Release|Any CPU = Release|Any CPU
	EndGlobalSection
	GlobalSection(ProjectConfigurationPlatforms) = postSolution
		{A54C82D0-BCEC-4210-84CF-57E1772E7835}.Debug|Any CPU.ActiveCfg = Debug|Any CPU
		{A54C82D0-BCEC-4210-84CF-57E1772E7835}.Debug|Any CPU.Build.0 = Debug|Any CPU
		{A54C82D0-BCEC-4210-84CF-57E1772E7835}.Release|Any CPU.ActiveCfg = Release|Any CPU
		{A54C82D0-BCEC-4210-84CF-57E1772E7835}.Release|Any CPU.Build.0 = Release|Any CPU
	EndGlobalSection
	GlobalSection(SolutionProperties) = preSolution
		HideSolutionNode = FALSE
	EndGlobalSection
	GlobalSection(ExtensibilityGlobals) = postSolution
		SolutionGuid = {38B7D969-2BC8-404B-A408-917658086B16}
	EndGlobalSection
EndGlobal
